
Microsoft Visual Studio Solution File, Format Version 12.00
# Visual Studio Version 17
VisualStudioVersion = 17.5.33424.131
MinimumVisualStudioVersion = 10.0.40219.1
Project("{9A19103F-16F7-4668-BE54-9A1E7A4F7556}") = "Iti disconnetted", "Day2\Iti disconnetted.csproj", "{CACC6AA9-8255-47C1-A603-DCDE3C046B94}"
EndProject
Project("{9A19103F-16F7-4668-BE54-9A1E7A4F7556}") = "ITI.DAL", "ITI.DAL\ITI.DAL.csproj", "{71FE83CB-544B-4A2E-9366-B5F4CF2CB945}"
EndProject
Project("{9A19103F-16F7-4668-BE54-9A1E7A4F7556}") = "Iti.Bll", "Iti.Bll\Iti.Bll.csproj", "{97602AE4-D204-48C7-9A64-23235396EDC1}"
EndProject
Project("{9A19103F-16F7-4668-BE54-9A1E7A4F7556}") = "Iti.PL", "Iti.Pl\Iti.PL.csproj", "{8139EE32-C589-4215-94EF-51F4F0811B19}"
EndProject
Global
	GlobalSection(SolutionConfigurationPlatforms) = preSolution
		Debug|Any CPU = Debug|Any CPU
		Release|Any CPU = Release|Any CPU
	EndGlobalSection
	GlobalSection(ProjectConfigurationPlatforms) = postSolution
		{CACC6AA9-8255-47C1-A603-DCDE3C046B94}.Debug|Any CPU.ActiveCfg = Debug|Any CPU
		{CACC6AA9-8255-47C1-A603-DCDE3C046B94}.Debug|Any CPU.Build.0 = Debug|Any CPU
		{CACC6AA9-8255-47C1-A603-DCDE3C046B94}.Release|Any CPU.ActiveCfg = Release|Any CPU
		{CACC6AA9-8255-47C1-A603-DCDE3C046B94}.Release|Any CPU.Build.0 = Release|Any CPU
		{71FE83CB-544B-4A2E-9366-B5F4CF2CB945}.Debug|Any CPU.ActiveCfg = Debug|Any CPU
		{71FE83CB-544B-4A2E-9366-B5F4CF2CB945}.Debug|Any CPU.Build.0 = Debug|Any CPU
		{71FE83CB-544B-4A2E-9366-B5F4CF2CB945}.Release|Any CPU.ActiveCfg = Release|Any CPU
		{71FE83CB-544B-4A2E-9366-B5F4CF2CB945}.Release|Any CPU.Build.0 = Release|Any CPU
		{97602AE4-D204-48C7-9A64-23235396EDC1}.Debug|Any CPU.ActiveCfg = Debug|Any CPU
		{97602AE4-D204-48C7-9A64-23235396EDC1}.Debug|Any CPU.Build.0 = Debug|Any CPU
		{97602AE4-D204-48C7-9A64-23235396EDC1}.Release|Any CPU.ActiveCfg = Release|Any CPU
		{97602AE4-D204-48C7-9A64-23235396EDC1}.Release|Any CPU.Build.0 = Release|Any CPU
		{8139EE32-C589-4215-94EF-51F4F0811B19}.Debug|Any CPU.ActiveCfg = Debug|Any CPU
		{8139EE32-C589-4215-94EF-51F4F0811B19}.Debug|Any CPU.Build.0 = Debug|Any CPU
		{8139EE32-C589-4215-94EF-51F4F0811B19}.Release|Any CPU.ActiveCfg = Release|Any CPU
		{8139EE32-C589-4215-94EF-51F4F0811B19}.Release|Any CPU.Build.0 = Release|Any CPU
	EndGlobalSection
	GlobalSection(SolutionProperties) = preSolution
		HideSolutionNode = FALSE
	EndGlobalSection
	GlobalSection(ExtensibilityGlobals) = postSolution
		SolutionGuid = {E23A8333-17F5-4E30-AF46-CF48D16807B2}
	EndGlobalSection
EndGlobal
